
Microsoft Visual Studio Solution File, Format Version 12.00
# Visual Studio Version 17
VisualStudioVersion = 17.0.31903.59
MinimumVisualStudioVersion = 10.0.40219.1
Project("{2150E333-8FDC-42A3-9474-1A3956D46DE8}") = "src", "src", "{8D4B8CC2-BC23-41FA-84E7-ECACDC79E9F4}"
EndProject
Project("{2150E333-8FDC-42A3-9474-1A3956D46DE8}") = "tests", "tests", "{A170FF5C-846B-451D-BBD1-F0CDECAA193A}"
EndProject
Project("{FAE04EC0-301F-11D3-BF4B-00C04F79EFBC}") = "BadgeSmith.Api.Tests", "tests\BadgeSmith.Api.Tests\BadgeSmith.Api.Tests.csproj", "{3BCA21AD-AF9D-4109-BBC6-95D359BB5C4B}"
EndProject
Project("{FAE04EC0-301F-11D3-BF4B-00C04F79EFBC}") = "BadgeSmith.Api.Performance.Tests", "tests\BadgeSmith.Api.Performance.Tests\BadgeSmith.Api.Performance.Tests.csproj", "{2DD5358F-35AF-485C-8402-3470D30A8098}"
EndProject
Project("{2150E333-8FDC-42A3-9474-1A3956D46DE8}") = "build", "build", "{AE134941-6C89-40C3-92DD-7F43C2469DC8}"
EndProject
Project("{FAE04EC0-301F-11D3-BF4B-00C04F79EFBC}") = "BadgeSmith.CDK", "build\BadgeSmith.CDK\BadgeSmith.CDK.csproj", "{FBB319BF-EEA0-426E-B725-059278D8BAAA}"
EndProject
Project("{FAE04EC0-301F-11D3-BF4B-00C04F79EFBC}") = "BadgeSmith.CDK.Shared", "build\BadgeSmith.CDK.Shared\BadgeSmith.CDK.Shared.csproj", "{E80E098F-A280-466B-B579-C7BAA20CD3E0}"
EndProject
Project("{FAE04EC0-301F-11D3-BF4B-00C04F79EFBC}") = "BadgeSmith.Api", "src\BadgeSmith.Api\BadgeSmith.Api.csproj", "{BE430EDD-22E5-4F95-A80D-089E1327735D}"
EndProject
Project("{FAE04EC0-301F-11D3-BF4B-00C04F79EFBC}") = "BadgeSmith.Host", "src\BadgeSmith.Host\BadgeSmith.Host.csproj", "{100AC8DB-2F97-4AAA-836C-8450E303178F}"
EndProject
Global
	GlobalSection(SolutionConfigurationPlatforms) = preSolution
		Debug|Any CPU = Debug|Any CPU
		Release|Any CPU = Release|Any CPU
	EndGlobalSection
	GlobalSection(SolutionProperties) = preSolution
		HideSolutionNode = FALSE
	EndGlobalSection
	GlobalSection(NestedProjects) = preSolution
		{3BCA21AD-AF9D-4109-BBC6-95D359BB5C4B} = {A170FF5C-846B-451D-BBD1-F0CDECAA193A}
		{2DD5358F-35AF-485C-8402-3470D30A8098} = {A170FF5C-846B-451D-BBD1-F0CDECAA193A}
		{FBB319BF-EEA0-426E-B725-059278D8BAAA} = {AE134941-6C89-40C3-92DD-7F43C2469DC8}
		{E80E098F-A280-466B-B579-C7BAA20CD3E0} = {AE134941-6C89-40C3-92DD-7F43C2469DC8}
		{BE430EDD-22E5-4F95-A80D-089E1327735D} = {8D4B8CC2-BC23-41FA-84E7-ECACDC79E9F4}
		{100AC8DB-2F97-4AAA-836C-8450E303178F} = {8D4B8CC2-BC23-41FA-84E7-ECACDC79E9F4}
	EndGlobalSection
	GlobalSection(ProjectConfigurationPlatforms) = postSolution
		{3BCA21AD-AF9D-4109-BBC6-95D359BB5C4B}.Debug|Any CPU.ActiveCfg = Debug|Any CPU
		{3BCA21AD-AF9D-4109-BBC6-95D359BB5C4B}.Debug|Any CPU.Build.0 = Debug|Any CPU
		{3BCA21AD-AF9D-4109-BBC6-95D359BB5C4B}.Release|Any CPU.ActiveCfg = Release|Any CPU
		{3BCA21AD-AF9D-4109-BBC6-95D359BB5C4B}.Release|Any CPU.Build.0 = Release|Any CPU
		{2DD5358F-35AF-485C-8402-3470D30A8098}.Debug|Any CPU.ActiveCfg = Debug|Any CPU
		{2DD5358F-35AF-485C-8402-3470D30A8098}.Debug|Any CPU.Build.0 = Debug|Any CPU
		{2DD5358F-35AF-485C-8402-3470D30A8098}.Release|Any CPU.ActiveCfg = Release|Any CPU
		{2DD5358F-35AF-485C-8402-3470D30A8098}.Release|Any CPU.Build.0 = Release|Any CPU
		{FBB319BF-EEA0-426E-B725-059278D8BAAA}.Debug|Any CPU.ActiveCfg = Debug|Any CPU
		{FBB319BF-EEA0-426E-B725-059278D8BAAA}.Debug|Any CPU.Build.0 = Debug|Any CPU
		{FBB319BF-EEA0-426E-B725-059278D8BAAA}.Release|Any CPU.ActiveCfg = Release|Any CPU
		{FBB319BF-EEA0-426E-B725-059278D8BAAA}.Release|Any CPU.Build.0 = Release|Any CPU
		{E80E098F-A280-466B-B579-C7BAA20CD3E0}.Debug|Any CPU.ActiveCfg = Debug|Any CPU
		{E80E098F-A280-466B-B579-C7BAA20CD3E0}.Debug|Any CPU.Build.0 = Debug|Any CPU
		{E80E098F-A280-466B-B579-C7BAA20CD3E0}.Release|Any CPU.ActiveCfg = Release|Any CPU
		{E80E098F-A280-466B-B579-C7BAA20CD3E0}.Release|Any CPU.Build.0 = Release|Any CPU
		{BE430EDD-22E5-4F95-A80D-089E1327735D}.Debug|Any CPU.ActiveCfg = Debug|Any CPU
		{BE430EDD-22E5-4F95-A80D-089E1327735D}.Debug|Any CPU.Build.0 = Debug|Any CPU
		{BE430EDD-22E5-4F95-A80D-089E1327735D}.Release|Any CPU.ActiveCfg = Release|Any CPU
		{BE430EDD-22E5-4F95-A80D-089E1327735D}.Release|Any CPU.Build.0 = Release|Any CPU
		{100AC8DB-2F97-4AAA-836C-8450E303178F}.Debug|Any CPU.ActiveCfg = Debug|Any CPU
		{100AC8DB-2F97-4AAA-836C-8450E303178F}.Debug|Any CPU.Build.0 = Debug|Any CPU
		{100AC8DB-2F97-4AAA-836C-8450E303178F}.Release|Any CPU.ActiveCfg = Release|Any CPU
		{100AC8DB-2F97-4AAA-836C-8450E303178F}.Release|Any CPU.Build.0 = Release|Any CPU
	EndGlobalSection
EndGlobal
